// !$*UTF8*$!
{
	archiveVersion = 1;
	classes = {
	};
	objectVersion = 55;
	objects = {

/* Begin PBXBuildFile section */
		0005BBF8273BCD420078AA7D /* FocusEntity+Segment.swift in Sources */ = {isa = PBXBuildFile; fileRef = 0005BBF1273BCD420078AA7D /* FocusEntity+Segment.swift */; };
		0005BBF9273BCD420078AA7D /* float4x4+Extension.swift in Sources */ = {isa = PBXBuildFile; fileRef = 0005BBF2273BCD420078AA7D /* float4x4+Extension.swift */; };
		0005BBFC273BCD420078AA7D /* FocusRectangle.swift in Sources */ = {isa = PBXBuildFile; fileRef = 0005BBF5273BCD420078AA7D /* FocusRectangle.swift */; };
		0005BBFE273BCD420078AA7D /* FocusEntity+Alignment.swift in Sources */ = {isa = PBXBuildFile; fileRef = 0005BBF7273BCD420078AA7D /* FocusEntity+Alignment.swift */; };
		0005BC04273D42560078AA7D /* 1000016137.usdz in Resources */ = {isa = PBXBuildFile; fileRef = 0005BBFF273D42560078AA7D /* 1000016137.usdz */; };
		0005BC05273D42560078AA7D /* 1000028761.usdz in Resources */ = {isa = PBXBuildFile; fileRef = 0005BC00273D42560078AA7D /* 1000028761.usdz */; };
		0005BC06273D42560078AA7D /* 1000139428.usdz in Resources */ = {isa = PBXBuildFile; fileRef = 0005BC01273D42560078AA7D /* 1000139428.usdz */; };
		0005BC07273D42560078AA7D /* iOS-suzanneMetal.usdz in Resources */ = {isa = PBXBuildFile; fileRef = 0005BC02273D42560078AA7D /* iOS-suzanneMetal.usdz */; };
		0005BC08273D42560078AA7D /* iOS-suzanneMiscMats.usdz in Resources */ = {isa = PBXBuildFile; fileRef = 0005BC03273D42560078AA7D /* iOS-suzanneMiscMats.usdz */; };
		00A94C8A27396B1200FC6F5A /* AppDelegate.swift in Sources */ = {isa = PBXBuildFile; fileRef = 00A94C8927396B1200FC6F5A /* AppDelegate.swift */; };
		00A94C8C27396B1200FC6F5A /* ContentView.swift in Sources */ = {isa = PBXBuildFile; fileRef = 00A94C8B27396B1200FC6F5A /* ContentView.swift */; };
		00A94C8E27396B1200FC6F5A /* Experience.rcproject in Sources */ = {isa = PBXBuildFile; fileRef = 00A94C8D27396B1200FC6F5A /* Experience.rcproject */; };
		00A94C9027396B1300FC6F5A /* Assets.xcassets in Resources */ = {isa = PBXBuildFile; fileRef = 00A94C8F27396B1300FC6F5A /* Assets.xcassets */; };
		00A94C9327396B1300FC6F5A /* Preview Assets.xcassets in Resources */ = {isa = PBXBuildFile; fileRef = 00A94C9227396B1300FC6F5A /* Preview Assets.xcassets */; };
		00BC6A192739712A00451EE5 /* 1000015677.usdz in Resources */ = {isa = PBXBuildFile; fileRef = 00BC6A182739712A00451EE5 /* 1000015677.usdz */; };
/* End PBXBuildFile section */

/* Begin PBXFileReference section */
		0005BBF1273BCD420078AA7D /* FocusEntity+Segment.swift */ = {isa = PBXFileReference; fileEncoding = 4; lastKnownFileType = sourcecode.swift; path = "FocusEntity+Segment.swift"; sourceTree = "<group>"; };
		0005BBF2273BCD420078AA7D /* float4x4+Extension.swift */ = {isa = PBXFileReference; fileEncoding = 4; lastKnownFileType = sourcecode.swift; path = "float4x4+Extension.swift"; sourceTree = "<group>"; };
		0005BBF5273BCD420078AA7D /* FocusRectangle.swift */ = {isa = PBXFileReference; fileEncoding = 4; lastKnownFileType = sourcecode.swift; path = FocusRectangle.swift; sourceTree = "<group>"; };
		0005BBF7273BCD420078AA7D /* FocusEntity+Alignment.swift */ = {isa = PBXFileReference; fileEncoding = 4; lastKnownFileType = sourcecode.swift; path = "FocusEntity+Alignment.swift"; sourceTree = "<group>"; };
		0005BBFF273D42560078AA7D /* 1000016137.usdz */ = {isa = PBXFileReference; lastKnownFileType = file.usdz; path = 1000016137.usdz; sourceTree = "<group>"; };
		0005BC00273D42560078AA7D /* 1000028761.usdz */ = {isa = PBXFileReference; lastKnownFileType = file.usdz; path = 1000028761.usdz; sourceTree = "<group>"; };
		0005BC01273D42560078AA7D /* 1000139428.usdz */ = {isa = PBXFileReference; lastKnownFileType = file.usdz; path = 1000139428.usdz; sourceTree = "<group>"; };
		0005BC02273D42560078AA7D /* iOS-suzanneMetal.usdz */ = {isa = PBXFileReference; lastKnownFileType = file.usdz; path = "iOS-suzanneMetal.usdz"; sourceTree = "<group>"; };
		0005BC03273D42560078AA7D /* iOS-suzanneMiscMats.usdz */ = {isa = PBXFileReference; lastKnownFileType = file.usdz; path = "iOS-suzanneMiscMats.usdz"; sourceTree = "<group>"; };
		00A94C8627396B1200FC6F5A /* TestAR.app */ = {isa = PBXFileReference; explicitFileType = wrapper.application; includeInIndex = 0; path = TestAR.app; sourceTree = BUILT_PRODUCTS_DIR; };
		00A94C8927396B1200FC6F5A /* AppDelegate.swift */ = {isa = PBXFileReference; lastKnownFileType = sourcecode.swift; path = AppDelegate.swift; sourceTree = "<group>"; };
		00A94C8B27396B1200FC6F5A /* ContentView.swift */ = {isa = PBXFileReference; lastKnownFileType = sourcecode.swift; path = ContentView.swift; sourceTree = "<group>"; };
		00A94C8D27396B1200FC6F5A /* Experience.rcproject */ = {isa = PBXFileReference; lastKnownFileType = file.rcproject; path = Experience.rcproject; sourceTree = "<group>"; };
		00A94C8F27396B1300FC6F5A /* Assets.xcassets */ = {isa = PBXFileReference; lastKnownFileType = folder.assetcatalog; path = Assets.xcassets; sourceTree = "<group>"; };
		00A94C9227396B1300FC6F5A /* Preview Assets.xcassets */ = {isa = PBXFileReference; lastKnownFileType = folder.assetcatalog; path = "Preview Assets.xcassets"; sourceTree = "<group>"; };
		00BC6A182739712A00451EE5 /* 1000015677.usdz */ = {isa = PBXFileReference; lastKnownFileType = file.usdz; path = 1000015677.usdz; sourceTree = "<group>"; };
/* End PBXFileReference section */

/* Begin PBXFrameworksBuildPhase section */
		00A94C8327396B1200FC6F5A /* Frameworks */ = {
			isa = PBXFrameworksBuildPhase;
			buildActionMask = 2147483647;
			files = (
			);
			runOnlyForDeploymentPostprocessing = 0;
		};
/* End PBXFrameworksBuildPhase section */

/* Begin PBXGroup section */
		0005BBF0273BCD420078AA7D /* FocusEntity */ = {
			isa = PBXGroup;
			children = (
				0005BBF1273BCD420078AA7D /* FocusEntity+Segment.swift */,
				0005BBF2273BCD420078AA7D /* float4x4+Extension.swift */,
				0005BBF5273BCD420078AA7D /* FocusRectangle.swift */,
				0005BBF7273BCD420078AA7D /* FocusEntity+Alignment.swift */,
			);
			path = FocusEntity;
			sourceTree = "<group>";
		};
		00A94C7D27396B1200FC6F5A = {
			isa = PBXGroup;
			children = (
				00A94C8827396B1200FC6F5A /* TestAR */,
				00A94C8727396B1200FC6F5A /* Products */,
			);
			sourceTree = "<group>";
		};
		00A94C8727396B1200FC6F5A /* Products */ = {
			isa = PBXGroup;
			children = (
				00A94C8627396B1200FC6F5A /* TestAR.app */,
			);
			name = Products;
			sourceTree = "<group>";
		};
		00A94C8827396B1200FC6F5A /* TestAR */ = {
			isa = PBXGroup;
			children = (
				0005BBF0273BCD420078AA7D /* FocusEntity */,
				00A94C8927396B1200FC6F5A /* AppDelegate.swift */,
				00A94C8B27396B1200FC6F5A /* ContentView.swift */,
				00BC6A182739712A00451EE5 /* 1000015677.usdz */,
				0005BBFF273D42560078AA7D /* 1000016137.usdz */,
				0005BC00273D42560078AA7D /* 1000028761.usdz */,
				0005BC01273D42560078AA7D /* 1000139428.usdz */,
				0005BC02273D42560078AA7D /* iOS-suzanneMetal.usdz */,
				0005BC03273D42560078AA7D /* iOS-suzanneMiscMats.usdz */,
				00A94C8D27396B1200FC6F5A /* Experience.rcproject */,
				00A94C8F27396B1300FC6F5A /* Assets.xcassets */,
				00A94C9127396B1300FC6F5A /* Preview Content */,
			);
			path = TestAR;
			sourceTree = "<group>";
		};
		00A94C9127396B1300FC6F5A /* Preview Content */ = {
			isa = PBXGroup;
			children = (
				00A94C9227396B1300FC6F5A /* Preview Assets.xcassets */,
			);
			path = "Preview Content";
			sourceTree = "<group>";
		};
/* End PBXGroup section */

/* Begin PBXNativeTarget section */
		00A94C8527396B1200FC6F5A /* TestAR */ = {
			isa = PBXNativeTarget;
			buildConfigurationList = 00A94C9627396B1300FC6F5A /* Build configuration list for PBXNativeTarget "TestAR" */;
			buildPhases = (
				00A94C8227396B1200FC6F5A /* Sources */,
				00A94C8327396B1200FC6F5A /* Frameworks */,
				00A94C8427396B1200FC6F5A /* Resources */,
			);
			buildRules = (
			);
			dependencies = (
			);
			name = TestAR;
			packageProductDependencies = (
			);
			productName = TestAR;
			productReference = 00A94C8627396B1200FC6F5A /* TestAR.app */;
			productType = "com.apple.product-type.application";
		};
/* End PBXNativeTarget section */

/* Begin PBXProject section */
		00A94C7E27396B1200FC6F5A /* Project object */ = {
			isa = PBXProject;
			attributes = {
				BuildIndependentTargetsInParallel = 1;
				LastSwiftUpdateCheck = 1310;
				LastUpgradeCheck = 1310;
				TargetAttributes = {
					00A94C8527396B1200FC6F5A = {
						CreatedOnToolsVersion = 13.1;
					};
				};
			};
			buildConfigurationList = 00A94C8127396B1200FC6F5A /* Build configuration list for PBXProject "TestAR" */;
			compatibilityVersion = "Xcode 13.0";
			developmentRegion = en;
			hasScannedForEncodings = 0;
			knownRegions = (
				en,
				Base,
			);
			mainGroup = 00A94C7D27396B1200FC6F5A;
			packageReferences = (
			);
			productRefGroup = 00A94C8727396B1200FC6F5A /* Products */;
			projectDirPath = "";
			projectRoot = "";
			targets = (
				00A94C8527396B1200FC6F5A /* TestAR */,
			);
		};
/* End PBXProject section */

/* Begin PBXResourcesBuildPhase section */
		00A94C8427396B1200FC6F5A /* Resources */ = {
			isa = PBXResourcesBuildPhase;
			buildActionMask = 2147483647;
			files = (
				00A94C9327396B1300FC6F5A /* Preview Assets.xcassets in Resources */,
				0005BC08273D42560078AA7D /* iOS-suzanneMiscMats.usdz in Resources */,
				00A94C9027396B1300FC6F5A /* Assets.xcassets in Resources */,
				0005BC04273D42560078AA7D /* 1000016137.usdz in Resources */,
				0005BC06273D42560078AA7D /* 1000139428.usdz in Resources */,
				00BC6A192739712A00451EE5 /* 1000015677.usdz in Resources */,
				0005BC05273D42560078AA7D /* 1000028761.usdz in Resources */,
				0005BC07273D42560078AA7D /* iOS-suzanneMetal.usdz in Resources */,
			);
			runOnlyForDeploymentPostprocessing = 0;
		};
/* End PBXResourcesBuildPhase section */

/* Begin PBXSourcesBuildPhase section */
		00A94C8227396B1200FC6F5A /* Sources */ = {
			isa = PBXSourcesBuildPhase;
			buildActionMask = 2147483647;
			files = (
				00A94C8C27396B1200FC6F5A /* ContentView.swift in Sources */,
				0005BBFC273BCD420078AA7D /* FocusRectangle.swift in Sources */,
				00A94C8A27396B1200FC6F5A /* AppDelegate.swift in Sources */,
				0005BBFE273BCD420078AA7D /* FocusEntity+Alignment.swift in Sources */,
				00A94C8E27396B1200FC6F5A /* Experience.rcproject in Sources */,
				0005BBF9273BCD420078AA7D /* float4x4+Extension.swift in Sources */,
				0005BBF8273BCD420078AA7D /* FocusEntity+Segment.swift in Sources */,
			);
			runOnlyForDeploymentPostprocessing = 0;
		};
/* End PBXSourcesBuildPhase section */

/* Begin XCBuildConfiguration section */
		00A94C9427396B1300FC6F5A /* Debug */ = {
			isa = XCBuildConfiguration;
			buildSettings = {
				ALWAYS_SEARCH_USER_PATHS = NO;
				CLANG_ANALYZER_NONNULL = YES;
				CLANG_ANALYZER_NUMBER_OBJECT_CONVERSION = YES_AGGRESSIVE;
				CLANG_CXX_LANGUAGE_STANDARD = "gnu++17";
				CLANG_CXX_LIBRARY = "libc++";
				CLANG_ENABLE_MODULES = YES;
				CLANG_ENABLE_OBJC_ARC = YES;
				CLANG_ENABLE_OBJC_WEAK = YES;
				CLANG_WARN_BLOCK_CAPTURE_AUTORELEASING = YES;
				CLANG_WARN_BOOL_CONVERSION = YES;
				CLANG_WARN_COMMA = YES;
				CLANG_WARN_CONSTANT_CONVERSION = YES;
				CLANG_WARN_DEPRECATED_OBJC_IMPLEMENTATIONS = YES;
				CLANG_WARN_DIRECT_OBJC_ISA_USAGE = YES_ERROR;
				CLANG_WARN_DOCUMENTATION_COMMENTS = YES;
				CLANG_WARN_EMPTY_BODY = YES;
				CLANG_WARN_ENUM_CONVERSION = YES;
				CLANG_WARN_INFINITE_RECURSION = YES;
				CLANG_WARN_INT_CONVERSION = YES;
				CLANG_WARN_NON_LITERAL_NULL_CONVERSION = YES;
				CLANG_WARN_OBJC_IMPLICIT_RETAIN_SELF = YES;
				CLANG_WARN_OBJC_LITERAL_CONVERSION = YES;
				CLANG_WARN_OBJC_ROOT_CLASS = YES_ERROR;
				CLANG_WARN_QUOTED_INCLUDE_IN_FRAMEWORK_HEADER = YES;
				CLANG_WARN_RANGE_LOOP_ANALYSIS = YES;
				CLANG_WARN_STRICT_PROTOTYPES = YES;
				CLANG_WARN_SUSPICIOUS_MOVE = YES;
				CLANG_WARN_UNGUARDED_AVAILABILITY = YES_AGGRESSIVE;
				CLANG_WARN_UNREACHABLE_CODE = YES;
				CLANG_WARN__DUPLICATE_METHOD_MATCH = YES;
				COPY_PHASE_STRIP = NO;
				DEBUG_INFORMATION_FORMAT = dwarf;
				ENABLE_STRICT_OBJC_MSGSEND = YES;
				ENABLE_TESTABILITY = YES;
				GCC_C_LANGUAGE_STANDARD = gnu11;
				GCC_DYNAMIC_NO_PIC = NO;
				GCC_NO_COMMON_BLOCKS = YES;
				GCC_OPTIMIZATION_LEVEL = 0;
				GCC_PREPROCESSOR_DEFINITIONS = (
					"DEBUG=1",
					"$(inherited)",
				);
				GCC_WARN_64_TO_32_BIT_CONVERSION = YES;
				GCC_WARN_ABOUT_RETURN_TYPE = YES_ERROR;
				GCC_WARN_UNDECLARED_SELECTOR = YES;
				GCC_WARN_UNINITIALIZED_AUTOS = YES_AGGRESSIVE;
				GCC_WARN_UNUSED_FUNCTION = YES;
				GCC_WARN_UNUSED_VARIABLE = YES;
				IPHONEOS_DEPLOYMENT_TARGET = 13.0;
				MTL_ENABLE_DEBUG_INFO = INCLUDE_SOURCE;
				MTL_FAST_MATH = YES;
				ONLY_ACTIVE_ARCH = YES;
				SDKROOT = iphoneos;
				SWIFT_ACTIVE_COMPILATION_CONDITIONS = DEBUG;
				SWIFT_OPTIMIZATION_LEVEL = "-Onone";
			};
			name = Debug;
		};
		00A94C9527396B1300FC6F5A /* Release */ = {
			isa = XCBuildConfiguration;
			buildSettings = {
				ALWAYS_SEARCH_USER_PATHS = NO;
				CLANG_ANALYZER_NONNULL = YES;
				CLANG_ANALYZER_NUMBER_OBJECT_CONVERSION = YES_AGGRESSIVE;
				CLANG_CXX_LANGUAGE_STANDARD = "gnu++17";
				CLANG_CXX_LIBRARY = "libc++";
				CLANG_ENABLE_MODULES = YES;
				CLANG_ENABLE_OBJC_ARC = YES;
				CLANG_ENABLE_OBJC_WEAK = YES;
				CLANG_WARN_BLOCK_CAPTURE_AUTORELEASING = YES;
				CLANG_WARN_BOOL_CONVERSION = YES;
				CLANG_WARN_COMMA = YES;
				CLANG_WARN_CONSTANT_CONVERSION = YES;
				CLANG_WARN_DEPRECATED_OBJC_IMPLEMENTATIONS = YES;
				CLANG_WARN_DIRECT_OBJC_ISA_USAGE = YES_ERROR;
				CLANG_WARN_DOCUMENTATION_COMMENTS = YES;
				CLANG_WARN_EMPTY_BODY = YES;
				CLANG_WARN_ENUM_CONVERSION = YES;
				CLANG_WARN_INFINITE_RECURSION = YES;
				CLANG_WARN_INT_CONVERSION = YES;
				CLANG_WARN_NON_LITERAL_NULL_CONVERSION = YES;
				CLANG_WARN_OBJC_IMPLICIT_RETAIN_SELF = YES;
				CLANG_WARN_OBJC_LITERAL_CONVERSION = YES;
				CLANG_WARN_OBJC_ROOT_CLASS = YES_ERROR;
				CLANG_WARN_QUOTED_INCLUDE_IN_FRAMEWORK_HEADER = YES;
				CLANG_WARN_RANGE_LOOP_ANALYSIS = YES;
				CLANG_WARN_STRICT_PROTOTYPES = YES;
				CLANG_WARN_SUSPICIOUS_MOVE = YES;
				CLANG_WARN_UNGUARDED_AVAILABILITY = YES_AGGRESSIVE;
				CLANG_WARN_UNREACHABLE_CODE = YES;
				CLANG_WARN__DUPLICATE_METHOD_MATCH = YES;
				COPY_PHASE_STRIP = NO;
				DEBUG_INFORMATION_FORMAT = "dwarf-with-dsym";
				ENABLE_NS_ASSERTIONS = NO;
				ENABLE_STRICT_OBJC_MSGSEND = YES;
				GCC_C_LANGUAGE_STANDARD = gnu11;
				GCC_NO_COMMON_BLOCKS = YES;
				GCC_WARN_64_TO_32_BIT_CONVERSION = YES;
				GCC_WARN_ABOUT_RETURN_TYPE = YES_ERROR;
				GCC_WARN_UNDECLARED_SELECTOR = YES;
				GCC_WARN_UNINITIALIZED_AUTOS = YES_AGGRESSIVE;
				GCC_WARN_UNUSED_FUNCTION = YES;
				GCC_WARN_UNUSED_VARIABLE = YES;
				IPHONEOS_DEPLOYMENT_TARGET = 13.0;
				MTL_ENABLE_DEBUG_INFO = NO;
				MTL_FAST_MATH = YES;
				SDKROOT = iphoneos;
				SWIFT_COMPILATION_MODE = wholemodule;
				SWIFT_OPTIMIZATION_LEVEL = "-O";
				VALIDATE_PRODUCT = YES;
			};
			name = Release;
		};
		00A94C9727396B1300FC6F5A /* Debug */ = {
			isa = XCBuildConfiguration;
			buildSettings = {
				ASSETCATALOG_COMPILER_APPICON_NAME = AppIcon;
				ASSETCATALOG_COMPILER_GLOBAL_ACCENT_COLOR_NAME = AccentColor;
				CODE_SIGN_IDENTITY = "Apple Development";
				CODE_SIGN_STYLE = Automatic;
				CURRENT_PROJECT_VERSION = 1;
				DEVELOPMENT_ASSET_PATHS = "\"TestAR/Preview Content\"";
				DEVELOPMENT_TEAM = 3FC5PWQBAA;
				ENABLE_PREVIEWS = YES;
				GENERATE_INFOPLIST_FILE = YES;
				INFOPLIST_KEY_NSCameraUsageDescription = "";
				INFOPLIST_KEY_UIApplicationSupportsIndirectInputEvents = YES;
				INFOPLIST_KEY_UILaunchScreen_Generation = YES;
				INFOPLIST_KEY_UIRequiredDeviceCapabilities = arkit;
				INFOPLIST_KEY_UIStatusBarHidden = YES;
				INFOPLIST_KEY_UISupportedInterfaceOrientations_iPad = "UIInterfaceOrientationPortrait UIInterfaceOrientationPortraitUpsideDown UIInterfaceOrientationLandscapeLeft UIInterfaceOrientationLandscapeRight";
				INFOPLIST_KEY_UISupportedInterfaceOrientations_iPhone = "UIInterfaceOrientationPortrait UIInterfaceOrientationLandscapeLeft UIInterfaceOrientationLandscapeRight";
				IPHONEOS_DEPLOYMENT_TARGET = 13.0;
				LD_RUNPATH_SEARCH_PATHS = (
					"$(inherited)",
					"@executable_path/Frameworks",
				);
				MARKETING_VERSION = 1.0;
				PRODUCT_BUNDLE_IDENTIFIER = test.TestARabcabcabcxcv;
				PRODUCT_NAME = "$(TARGET_NAME)";
				PROVISIONING_PROFILE_SPECIFIER = "";
				SWIFT_EMIT_LOC_STRINGS = YES;
				SWIFT_VERSION = 5.0;
				TARGETED_DEVICE_FAMILY = "1,2";
			};
			name = Debug;
		};
		00A94C9827396B1300FC6F5A /* Release */ = {
			isa = XCBuildConfiguration;
			buildSettings = {
				ASSETCATALOG_COMPILER_APPICON_NAME = AppIcon;
				ASSETCATALOG_COMPILER_GLOBAL_ACCENT_COLOR_NAME = AccentColor;
				CODE_SIGN_IDENTITY = "Apple Development";
				CODE_SIGN_STYLE = Automatic;
				CURRENT_PROJECT_VERSION = 1;
				DEVELOPMENT_ASSET_PATHS = "\"TestAR/Preview Content\"";
				DEVELOPMENT_TEAM = 3FC5PWQBAA;
				ENABLE_PREVIEWS = YES;
				GENERATE_INFOPLIST_FILE = YES;
				INFOPLIST_KEY_NSCameraUsageDescription = "";
				INFOPLIST_KEY_UIApplicationSupportsIndirectInputEvents = YES;
				INFOPLIST_KEY_UILaunchScreen_Generation = YES;
				INFOPLIST_KEY_UIRequiredDeviceCapabilities = arkit;
				INFOPLIST_KEY_UIStatusBarHidden = YES;
				INFOPLIST_KEY_UISupportedInterfaceOrientations_iPad = "UIInterfaceOrientationPortrait UIInterfaceOrientationPortraitUpsideDown UIInterfaceOrientationLandscapeLeft UIInterfaceOrientationLandscapeRight";
				INFOPLIST_KEY_UISupportedInterfaceOrientations_iPhone = "UIInterfaceOrientationPortrait UIInterfaceOrientationLandscapeLeft UIInterfaceOrientationLandscapeRight";
				IPHONEOS_DEPLOYMENT_TARGET = 13.0;
				LD_RUNPATH_SEARCH_PATHS = (
					"$(inherited)",
					"@executable_path/Frameworks",
				);
				MARKETING_VERSION = 1.0;
				PRODUCT_BUNDLE_IDENTIFIER = test.TestARabcabcabcxcv;
				PRODUCT_NAME = "$(TARGET_NAME)";
				PROVISIONING_PROFILE_SPECIFIER = "";
				SWIFT_EMIT_LOC_STRINGS = YES;
				SWIFT_VERSION = 5.0;
				TARGETED_DEVICE_FAMILY = "1,2";
			};
			name = Release;
		};
/* End XCBuildConfiguration section */

/* Begin XCConfigurationList section */
		00A94C8127396B1200FC6F5A /* Build configuration list for PBXProject "TestAR" */ = {
			isa = XCConfigurationList;
			buildConfigurations = (
				00A94C9427396B1300FC6F5A /* Debug */,
				00A94C9527396B1300FC6F5A /* Release */,
			);
			defaultConfigurationIsVisible = 0;
			defaultConfigurationName = Release;
		};
		00A94C9627396B1300FC6F5A /* Build configuration list for PBXNativeTarget "TestAR" */ = {
			isa = XCConfigurationList;
			buildConfigurations = (
				00A94C9727396B1300FC6F5A /* Debug */,
				00A94C9827396B1300FC6F5A /* Release */,
			);
			defaultConfigurationIsVisible = 0;
			defaultConfigurationName = Release;
		};
/* End XCConfigurationList section */
	};
	rootObject = 00A94C7E27396B1200FC6F5A /* Project object */;
}
